
Microsoft Visual Studio Solution File, Format Version 12.00
# Visual Studio Version 17
VisualStudioVersion = 17.0.32014.148
MinimumVisualStudioVersion = 10.0.40219.1
Project("{9A19103F-16F7-4668-BE54-9A1E7A4F7556}") = "UDPCommunication.UI", "UDPCommunication.UI\UDPCommunication.UI.csproj", "{3E4E44A8-D9AE-4452-A87C-852C7F925333}"
EndProject
Project("{FAE04EC0-301F-11D3-BF4B-00C04F79EFBC}") = "UDPCommunication.Models", "UDPCommunication.Models\UDPCommunication.Models.csproj", "{2B831C42-474D-4D60-9AF9-9EA7A3DC225B}"
EndProject
Project("{FAE04EC0-301F-11D3-BF4B-00C04F79EFBC}") = "UDPCommunication.Service", "UDPCommunication.Service\UDPCommunication.Service.csproj", "{AEB75422-FE8E-4250-91D2-B0F530FB50C8}"
EndProject
Global
	GlobalSection(SolutionConfigurationPlatforms) = preSolution
		Debug|Any CPU = Debug|Any CPU
		Release|Any CPU = Release|Any CPU
	EndGlobalSection
	GlobalSection(ProjectConfigurationPlatforms) = postSolution
		{3E4E44A8-D9AE-4452-A87C-852C7F925333}.Debug|Any CPU.ActiveCfg = Debug|Any CPU
		{3E4E44A8-D9AE-4452-A87C-852C7F925333}.Debug|Any CPU.Build.0 = Debug|Any CPU
		{3E4E44A8-D9AE-4452-A87C-852C7F925333}.Release|Any CPU.ActiveCfg = Release|Any CPU
		{3E4E44A8-D9AE-4452-A87C-852C7F925333}.Release|Any CPU.Build.0 = Release|Any CPU
		{2B831C42-474D-4D60-9AF9-9EA7A3DC225B}.Debug|Any CPU.ActiveCfg = Debug|Any CPU
		{2B831C42-474D-4D60-9AF9-9EA7A3DC225B}.Debug|Any CPU.Build.0 = Debug|Any CPU
		{2B831C42-474D-4D60-9AF9-9EA7A3DC225B}.Release|Any CPU.ActiveCfg = Release|Any CPU
		{2B831C42-474D-4D60-9AF9-9EA7A3DC225B}.Release|Any CPU.Build.0 = Release|Any CPU
		{AEB75422-FE8E-4250-91D2-B0F530FB50C8}.Debug|Any CPU.ActiveCfg = Debug|Any CPU
		{AEB75422-FE8E-4250-91D2-B0F530FB50C8}.Debug|Any CPU.Build.0 = Debug|Any CPU
		{AEB75422-FE8E-4250-91D2-B0F530FB50C8}.Release|Any CPU.ActiveCfg = Release|Any CPU
		{AEB75422-FE8E-4250-91D2-B0F530FB50C8}.Release|Any CPU.Build.0 = Release|Any CPU
	EndGlobalSection
	GlobalSection(SolutionProperties) = preSolution
		HideSolutionNode = FALSE
	EndGlobalSection
	GlobalSection(ExtensibilityGlobals) = postSolution
		SolutionGuid = {7B8B5707-7B84-4664-AFE5-2E1616256275}
	EndGlobalSection
EndGlobal
